
Microsoft Visual Studio Solution File, Format Version 12.00
# Visual Studio 15
VisualStudioVersion = 15.0.26730.10
MinimumVisualStudioVersion = 10.0.40219.1
Project("{F184B08F-C81C-45F6-A57F-5ABD9991F28F}") = "MainMenu", "Temperature\MainMenu.vbproj", "{C525D348-2F9C-499F-BF73-57CDFEC44DE1}"
EndProject
Global
	GlobalSection(SolutionConfigurationPlatforms) = preSolution
		Debug|Any CPU = Debug|Any CPU
		Release|Any CPU = Release|Any CPU
	EndGlobalSection
	GlobalSection(ProjectConfigurationPlatforms) = postSolution
		{C525D348-2F9C-499F-BF73-57CDFEC44DE1}.Debug|Any CPU.ActiveCfg = Debug|Any CPU
		{C525D348-2F9C-499F-BF73-57CDFEC44DE1}.Debug|Any CPU.Build.0 = Debug|Any CPU
		{C525D348-2F9C-499F-BF73-57CDFEC44DE1}.Release|Any CPU.ActiveCfg = Release|Any CPU
		{C525D348-2F9C-499F-BF73-57CDFEC44DE1}.Release|Any CPU.Build.0 = Release|Any CPU
	EndGlobalSection
	GlobalSection(SolutionProperties) = preSolution
		HideSolutionNode = FALSE
	EndGlobalSection
	GlobalSection(ExtensibilityGlobals) = postSolution
		SolutionGuid = {DA6E23BB-1955-4958-9B2E-C43139D65B3F}
	EndGlobalSection
EndGlobal
